// !$*UTF8*$!
{
	archiveVersion = 1;
	classes = {
	};
	objectVersion = 46;
	objects = {

/* Begin PBXBuildFile section */
		9C9522311D23468D0094557D /* AppDelegate.swift in Sources */ = {isa = PBXBuildFile; fileRef = 9C9522301D23468D0094557D /* AppDelegate.swift */; };
		9C9522331D23468D0094557D /* ViewController.swift in Sources */ = {isa = PBXBuildFile; fileRef = 9C9522321D23468D0094557D /* ViewController.swift */; };
		9C9522361D23468D0094557D /* Main.storyboard in Resources */ = {isa = PBXBuildFile; fileRef = 9C9522341D23468D0094557D /* Main.storyboard */; };
		9C9522381D23468D0094557D /* Assets.xcassets in Resources */ = {isa = PBXBuildFile; fileRef = 9C9522371D23468D0094557D /* Assets.xcassets */; };
		9C95223B1D23468D0094557D /* LaunchScreen.storyboard in Resources */ = {isa = PBXBuildFile; fileRef = 9C9522391D23468D0094557D /* LaunchScreen.storyboard */; };
/* End PBXBuildFile section */

/* Begin PBXFileReference section */
		9C95222D1D23468D0094557D /* wkwebView.app */ = {isa = PBXFileReference; explicitFileType = wrapper.application; includeInIndex = 0; path = wkwebView.app; sourceTree = BUILT_PRODUCTS_DIR; };
		9C9522301D23468D0094557D /* AppDelegate.swift */ = {isa = PBXFileReference; lastKnownFileType = sourcecode.swift; path = AppDelegate.swift; sourceTree = "<group>"; };
		9C9522321D23468D0094557D /* ViewController.swift */ = {isa = PBXFileReference; lastKnownFileType = sourcecode.swift; path = ViewController.swift; sourceTree = "<group>"; };
		9C9522351D23468D0094557D /* Base */ = {isa = PBXFileReference; lastKnownFileType = file.storyboard; name = Base; path = Base.lproj/Main.storyboard; sourceTree = "<group>"; };
		9C9522371D23468D0094557D /* Assets.xcassets */ = {isa = PBXFileReference; lastKnownFileType = folder.assetcatalog; path = Assets.xcassets; sourceTree = "<group>"; };
		9C95223A1D23468D0094557D /* Base */ = {isa = PBXFileReference; lastKnownFileType = file.storyboard; name = Base; path = Base.lproj/LaunchScreen.storyboard; sourceTree = "<group>"; };
		9C95223C1D23468D0094557D /* Info.plist */ = {isa = PBXFileReference; lastKnownFileType = text.plist.xml; path = Info.plist; sourceTree = "<group>"; };
/* End PBXFileReference section */

/* Begin PBXFrameworksBuildPhase section */
		9C95222A1D23468D0094557D /* Frameworks */ = {
			isa = PBXFrameworksBuildPhase;
			buildActionMask = 2147483647;
			files = (
			);
			runOnlyForDeploymentPostprocessing = 0;
		};
/* End PBXFrameworksBuildPhase section */

/* Begin PBXGroup section */
		9C9522241D23468D0094557D = {
			isa = PBXGroup;
			children = (
				9C95222F1D23468D0094557D /* wkwebView */,
				9C95222E1D23468D0094557D /* Products */,
			);
			sourceTree = "<group>";
		};
		9C95222E1D23468D0094557D /* Products */ = {
			isa = PBXGroup;
			children = (
				9C95222D1D23468D0094557D /* wkwebView.app */,
			);
			name = Products;
			sourceTree = "<group>";
		};
		9C95222F1D23468D0094557D /* wkwebView */ = {
			isa = PBXGroup;
			children = (
				9C9522301D23468D0094557D /* AppDelegate.swift */,
				9C9522321D23468D0094557D /* ViewController.swift */,
				9C9522341D23468D0094557D /* Main.storyboard */,
				9C9522371D23468D0094557D /* Assets.xcassets */,
				9C9522391D23468D0094557D /* LaunchScreen.storyboard */,
				9C95223C1D23468D0094557D /* Info.plist */,
			);
			path = wkwebView;
			sourceTree = "<group>";
		};
/* End PBXGroup section */

/* Begin PBXNativeTarget section */
		9C95222C1D23468D0094557D /* wkwebView */ = {
			isa = PBXNativeTarget;
			buildConfigurationList = 9C95223F1D23468D0094557D /* Build configuration list for PBXNativeTarget "wkwebView" */;
			buildPhases = (
				9C9522291D23468D0094557D /* Sources */,
				9C95222A1D23468D0094557D /* Frameworks */,
				9C95222B1D23468D0094557D /* Resources */,
			);
			buildRules = (
			);
			dependencies = (
			);
			name = wkwebView;
			productName = wkwebView;
			productReference = 9C95222D1D23468D0094557D /* wkwebView.app */;
			productType = "com.apple.product-type.application";
		};
/* End PBXNativeTarget section */

/* Begin PBXProject section */
		9C9522251D23468D0094557D /* Project object */ = {
			isa = PBXProject;
			attributes = {
				LastSwiftUpdateCheck = 0730;
				LastUpgradeCheck = 0730;
				ORGANIZATIONNAME = "Yun Shen";
				TargetAttributes = {
					9C95222C1D23468D0094557D = {
						CreatedOnToolsVersion = 7.3.1;
						DevelopmentTeam = WKQZ579P2S;
					};
				};
			};
			buildConfigurationList = 9C9522281D23468D0094557D /* Build configuration list for PBXProject "wkwebView" */;
			compatibilityVersion = "Xcode 3.2";
			developmentRegion = English;
			hasScannedForEncodings = 0;
			knownRegions = (
				en,
				Base,
			);
			mainGroup = 9C9522241D23468D0094557D;
			productRefGroup = 9C95222E1D23468D0094557D /* Products */;
			projectDirPath = "";
			projectRoot = "";
			targets = (
				9C95222C1D23468D0094557D /* wkwebView */,
			);
		};
/* End PBXProject section */

/* Begin PBXResourcesBuildPhase section */
		9C95222B1D23468D0094557D /* Resources */ = {
			isa = PBXResourcesBuildPhase;
			buildActionMask = 2147483647;
			files = (
				9C95223B1D23468D0094557D /* LaunchScreen.storyboard in Resources */,
				9C9522381D23468D0094557D /* Assets.xcassets in Resources */,
				9C9522361D23468D0094557D /* Main.storyboard in Resources */,
			);
			runOnlyForDeploymentPostprocessing = 0;
		};
/* End PBXResourcesBuildPhase section */

/* Begin PBXSourcesBuildPhase section */
		9C9522291D23468D0094557D /* Sources */ = {
			isa = PBXSourcesBuildPhase;
			buildActionMask = 2147483647;
			files = (
				9C9522331D23468D0094557D /* ViewController.swift in Sources */,
				9C9522311D23468D0094557D /* AppDelegate.swift in Sources */,
			);
			runOnlyForDeploymentPostprocessing = 0;
		};
/* End PBXSourcesBuildPhase section */

/* Begin PBXVariantGroup section */
		9C9522341D23468D0094557D /* Main.storyboard */ = {
			isa = PBXVariantGroup;
			children = (
				9C9522351D23468D0094557D /* Base */,
			);
			name = Main.storyboard;
			sourceTree = "<group>";
		};
		9C9522391D23468D0094557D /* LaunchScreen.storyboard */ = {
			isa = PBXVariantGroup;
			children = (
				9C95223A1D23468D0094557D /* Base */,
			);
			name = LaunchScreen.storyboard;
			sourceTree = "<group>";
		};
/* End PBXVariantGroup section */

/* Begin XCBuildConfiguration section */
		9C95223D1D23468D0094557D /* Debug */ = {
			isa = XCBuildConfiguration;
			buildSettings = {
				ALWAYS_SEARCH_USER_PATHS = NO;
				CLANG_ANALYZER_NONNULL = YES;
				CLANG_CXX_LANGUAGE_STANDARD = "gnu++0x";
				CLANG_CXX_LIBRARY = "libc++";
				CLANG_ENABLE_MODULES = YES;
				CLANG_ENABLE_OBJC_ARC = YES;
				CLANG_WARN_BOOL_CONVERSION = YES;
				CLANG_WARN_CONSTANT_CONVERSION = YES;
				CLANG_WARN_DIRECT_OBJC_ISA_USAGE = YES_ERROR;
				CLANG_WARN_EMPTY_BODY = YES;
				CLANG_WARN_ENUM_CONVERSION = YES;
				CLANG_WARN_INT_CONVERSION = YES;
				CLANG_WARN_OBJC_ROOT_CLASS = YES_ERROR;
				CLANG_WARN_UNREACHABLE_CODE = YES;
				CLANG_WARN__DUPLICATE_METHOD_MATCH = YES;
				"CODE_SIGN_IDENTITY[sdk=iphoneos*]" = "iPhone Developer";
				COPY_PHASE_STRIP = NO;
				DEBUG_INFORMATION_FORMAT = dwarf;
				ENABLE_STRICT_OBJC_MSGSEND = YES;
				ENABLE_TESTABILITY = YES;
				GCC_C_LANGUAGE_STANDARD = gnu99;
				GCC_DYNAMIC_NO_PIC = NO;
				GCC_NO_COMMON_BLOCKS = YES;
				GCC_OPTIMIZATION_LEVEL = 0;
				GCC_PREPROCESSOR_DEFINITIONS = (
					"DEBUG=1",
					"$(inherited)",
				);
				GCC_WARN_64_TO_32_BIT_CONVERSION = YES;
				GCC_WARN_ABOUT_RETURN_TYPE = YES_ERROR;
				GCC_WARN_UNDECLARED_SELECTOR = YES;
				GCC_WARN_UNINITIALIZED_AUTOS = YES_AGGRESSIVE;
				GCC_WARN_UNUSED_FUNCTION = YES;
				GCC_WARN_UNUSED_VARIABLE = YES;
				IPHONEOS_DEPLOYMENT_TARGET = 9.3;
				MTL_ENABLE_DEBUG_INFO = YES;
				ONLY_ACTIVE_ARCH = YES;
				SDKROOT = iphoneos;
				SWIFT_OPTIMIZATION_LEVEL = "-Onone";
				TARGETED_DEVICE_FAMILY = "1,2";
			};
			name = Debug;
		};
		9C95223E1D23468D0094557D /* Release */ = {
			isa = XCBuildConfiguration;
			buildSettings = {
				ALWAYS_SEARCH_USER_PATHS = NO;
				CLANG_ANALYZER_NONNULL = YES;
				CLANG_CXX_LANGUAGE_STANDARD = "gnu++0x";
				CLANG_CXX_LIBRARY = "libc++";
				CLANG_ENABLE_MODULES = YES;
				CLANG_ENABLE_OBJC_ARC = YES;
				CLANG_WARN_BOOL_CONVERSION = YES;
				CLANG_WARN_CONSTANT_CONVERSION = YES;
				CLANG_WARN_DIRECT_OBJC_ISA_USAGE = YES_ERROR;
				CLANG_WARN_EMPTY_BODY = YES;
				CLANG_WARN_ENUM_CONVERSION = YES;
				CLANG_WARN_INT_CONVERSION = YES;
				CLANG_WARN_OBJC_ROOT_CLASS = YES_ERROR;
				CLANG_WARN_UNREACHABLE_CODE = YES;
				CLANG_WARN__DUPLICATE_METHOD_MATCH = YES;
				"CODE_SIGN_IDENTITY[sdk=iphoneos*]" = "iPhone Developer";
				COPY_PHASE_STRIP = NO;
				DEBUG_INFORMATION_FORMAT = "dwarf-with-dsym";
				ENABLE_NS_ASSERTIONS = NO;
				ENABLE_STRICT_OBJC_MSGSEND = YES;
				GCC_C_LANGUAGE_STANDARD = gnu99;
				GCC_NO_COMMON_BLOCKS = YES;
				GCC_WARN_64_TO_32_BIT_CONVERSION = YES;
				GCC_WARN_ABOUT_RETURN_TYPE = YES_ERROR;
				GCC_WARN_UNDECLARED_SELECTOR = YES;
				GCC_WARN_UNINITIALIZED_AUTOS = YES_AGGRESSIVE;
				GCC_WARN_UNUSED_FUNCTION = YES;
				GCC_WARN_UNUSED_VARIABLE = YES;
				IPHONEOS_DEPLOYMENT_TARGET = 9.3;
				MTL_ENABLE_DEBUG_INFO = NO;
				SDKROOT = iphoneos;
				TARGETED_DEVICE_FAMILY = "1,2";
				VALIDATE_PRODUCT = YES;
			};
			name = Release;
		};
		9C9522401D23468D0094557D /* Debug */ = {
			isa = XCBuildConfiguration;
			buildSettings = {
				ASSETCATALOG_COMPILER_APPICON_NAME = AppIcon;
				INFOPLIST_FILE = wkwebView/Info.plist;
				LD_RUNPATH_SEARCH_PATHS = "$(inherited) @executable_path/Frameworks";
				PRODUCT_BUNDLE_IDENTIFIER = com.yunshen.wkwebView;
				PRODUCT_NAME = "$(TARGET_NAME)";
			};
			name = Debug;
		};
		9C9522411D23468D0094557D /* Release */ = {
			isa = XCBuildConfiguration;
			buildSettings = {
				ASSETCATALOG_COMPILER_APPICON_NAME = AppIcon;
				INFOPLIST_FILE = wkwebView/Info.plist;
				LD_RUNPATH_SEARCH_PATHS = "$(inherited) @executable_path/Frameworks";
				PRODUCT_BUNDLE_IDENTIFIER = com.yunshen.wkwebView;
				PRODUCT_NAME = "$(TARGET_NAME)";
			};
			name = Release;
		};
/* End XCBuildConfiguration section */

/* Begin XCConfigurationList section */
		9C9522281D23468D0094557D /* Build configuration list for PBXProject "wkwebView" */ = {
			isa = XCConfigurationList;
			buildConfigurations = (
				9C95223D1D23468D0094557D /* Debug */,
				9C95223E1D23468D0094557D /* Release */,
			);
			defaultConfigurationIsVisible = 0;
			defaultConfigurationName = Release;
		};
		9C95223F1D23468D0094557D /* Build configuration list for PBXNativeTarget "wkwebView" */ = {
			isa = XCConfigurationList;
			buildConfigurations = (
				9C9522401D23468D0094557D /* Debug */,
				9C9522411D23468D0094557D /* Release */,
			);
			defaultConfigurationIsVisible = 0;
		};
/* End XCConfigurationList section */
	};
	rootObject = 9C9522251D23468D0094557D /* Project object */;
}
